
Microsoft Visual Studio Solution File, Format Version 12.00
# Visual Studio Version 17
VisualStudioVersion = 17.2.32526.322
MinimumVisualStudioVersion = 10.0.40219.1
Project("{FAE04EC0-301F-11D3-BF4B-00C04F79EFBC}") = "API", "API\API.csproj", "{E806B496-60AB-4A04-A937-706D1B9825BF}"
EndProject
Global
	GlobalSection(SolutionConfigurationPlatforms) = preSolution
		Debug|Any CPU = Debug|Any CPU
		Release|Any CPU = Release|Any CPU
	EndGlobalSection
	GlobalSection(ProjectConfigurationPlatforms) = postSolution
		{E806B496-60AB-4A04-A937-706D1B9825BF}.Debug|Any CPU.ActiveCfg = Debug|Any CPU
		{E806B496-60AB-4A04-A937-706D1B9825BF}.Debug|Any CPU.Build.0 = Debug|Any CPU
		{E806B496-60AB-4A04-A937-706D1B9825BF}.Release|Any CPU.ActiveCfg = Release|Any CPU
		{E806B496-60AB-4A04-A937-706D1B9825BF}.Release|Any CPU.Build.0 = Release|Any CPU
	EndGlobalSection
	GlobalSection(SolutionProperties) = preSolution
		HideSolutionNode = FALSE
	EndGlobalSection
	GlobalSection(ExtensibilityGlobals) = postSolution
		SolutionGuid = {2C2DF4B2-D6B9-45D8-A304-23FBBAA41D0C}
	EndGlobalSection
EndGlobal
